{
    "name": "node-torrent",
    "version": "0.2.2",
    "lockfileVersion": 1,
    "requires": true,
    "dependencies": {
        "async": {
            "version": "0.1.22",
            "resolved": "https://registry.npmjs.org/async/-/async-0.1.22.tgz",
            "integrity": "sha1-D8GqoIig4+8Ovi2IMbqw3PiEUGE="
        },
        "balanced-match": {
            "version": "1.0.0",
            "resolved": "https://registry.npmjs.org/balanced-match/-/balanced-match-1.0.0.tgz",
            "integrity": "sha1-ibTRmasr7kneFk6gK4nORi1xt2c="
        },
        "base32": {
            "version": "0.0.6",
            "resolved": "https://registry.npmjs.org/base32/-/base32-0.0.6.tgz",
            "integrity": "sha1-eQOLy1rsLY8ivMHChAKST1Cm0qw=",
            "requires": {
                "optimist": ">=0.1.0"
            }
        },
        "brace-expansion": {
            "version": "1.1.11",
            "resolved": "https://registry.npmjs.org/brace-expansion/-/brace-expansion-1.1.11.tgz",
            "integrity": "sha512-iCuPHDFgrHX7H2vEI/5xpz07zSHB00TpugqhmYtVmMO6518mCuRMoOYFldEBl0g187ufozdaHgWKcYFb61qGiA==",
            "requires": {
                "balanced-match": "^1.0.0",
                "concat-map": "0.0.1"
            }
        },
        "concat-map": {
            "version": "0.0.1",
            "resolved": "https://registry.npmjs.org/concat-map/-/concat-map-0.0.1.tgz",
            "integrity": "sha1-2Klr13/Wjfd5OnMDajug1UBdR3s="
        },
        "date-format": {
            "version": "2.0.0",
            "resolved": "https://registry.npmjs.org/date-format/-/date-format-2.0.0.tgz",
            "integrity": "sha512-M6UqVvZVgFYqZL1SfHsRGIQSz3ZL+qgbsV5Lp1Vj61LZVYuEwcMXYay7DRDtYs2HQQBK5hQtQ0fD9aEJ89V0LA=="
        },
        "debug": {
            "version": "3.2.6",
            "resolved": "https://registry.npmjs.org/debug/-/debug-3.2.6.tgz",
            "integrity": "sha512-mel+jf7nrtEl5Pn1Qx46zARXKDpBbvzezse7p7LqINmdoIk8PYP5SySaxEmYv6TZ0JyEKA1hsCId6DIhgITtWQ==",
            "requires": {
                "ms": "^2.1.1"
            }
        },
        "dht.js": {
            "version": "0.2.16",
            "resolved": "https://registry.npmjs.org/dht.js/-/dht.js-0.2.16.tgz",
            "integrity": "sha1-bmNHKFV1uOVX9R8WMnMcoXhMA38=",
            "requires": {
                "async": "~0.1.22"
            }
        },
        "diff": {
            "version": "1.0.8",
            "resolved": "https://registry.npmjs.org/diff/-/diff-1.0.8.tgz",
            "integrity": "sha1-NDJ2MI7Jkbe8giZ+1VvBQR+XFmY="
        },
        "eyes": {
            "version": "0.1.8",
            "resolved": "https://registry.npmjs.org/eyes/-/eyes-0.1.8.tgz",
            "integrity": "sha1-Ys8SAjTGg3hdkCNIqADvPgzCC8A="
        },
        "flatted": {
            "version": "2.0.0",
            "resolved": "https://registry.npmjs.org/flatted/-/flatted-2.0.0.tgz",
            "integrity": "sha512-R+H8IZclI8AAkSBRQJLVOsxwAoHd6WC40b4QTNWIjzAa6BXOBfQcM587MXDTVPeYaopFNWHUFLx7eNmHDSxMWg=="
        },
        "fs-extra": {
            "version": "7.0.1",
            "resolved": "https://registry.npmjs.org/fs-extra/-/fs-extra-7.0.1.tgz",
            "integrity": "sha512-YJDaCJZEnBmcbw13fvdAM9AwNOJwOzrE4pqMqBq5nFiEqXUqHwlK4B+3pUw6JNvfSPtX05xFHtYy/1ni01eGCw==",
            "requires": {
                "graceful-fs": "^4.1.2",
                "jsonfile": "^4.0.0",
                "universalify": "^0.1.0"
            }
        },
        "fs.realpath": {
            "version": "1.0.0",
            "resolved": "https://registry.npmjs.org/fs.realpath/-/fs.realpath-1.0.0.tgz",
            "integrity": "sha1-FQStJSMVjKpA20onh8sBQRmU6k8="
        },
        "glob": {
            "version": "7.1.3",
            "resolved": "https://registry.npmjs.org/glob/-/glob-7.1.3.tgz",
            "integrity": "sha512-vcfuiIxogLV4DlGBHIUOwI0IbrJ8HWPc4MU7HzviGeNho/UJDfi6B5p3sHeWIQ0KGIU0Jpxi5ZHxemQfLkkAwQ==",
            "requires": {
                "fs.realpath": "^1.0.0",
                "inflight": "^1.0.4",
                "inherits": "2",
                "minimatch": "^3.0.4",
                "once": "^1.3.0",
                "path-is-absolute": "^1.0.0"
            }
        },
        "graceful-fs": {
            "version": "4.1.15",
            "resolved": "https://registry.npmjs.org/graceful-fs/-/graceful-fs-4.1.15.tgz",
            "integrity": "sha512-6uHUhOPEBgQ24HM+r6b/QwWfZq+yiFcipKFrOFiBEnWdy5sdzYoi+pJeQaPI5qOLRFqWmAXUPQNsielzdLoecA=="
        },
        "inflight": {
            "version": "1.0.6",
            "resolved": "https://registry.npmjs.org/inflight/-/inflight-1.0.6.tgz",
            "integrity": "sha1-Sb1jMdfQLQwJvJEKEHW6gWW1bfk=",
            "requires": {
                "once": "^1.3.0",
                "wrappy": "1"
            }
        },
        "inherits": {
            "version": "2.0.3",
            "resolved": "https://registry.npmjs.org/inherits/-/inherits-2.0.3.tgz",
            "integrity": "sha1-Yzwsg+PaQqUC9SRmAiSA9CCCYd4="
        },
        "jsonfile": {
            "version": "4.0.0",
            "resolved": "https://registry.npmjs.org/jsonfile/-/jsonfile-4.0.0.tgz",
            "integrity": "sha1-h3Gq4HmbZAdrdmQPygWPnBDjPss=",
            "requires": {
                "graceful-fs": "^4.1.6"
            }
        },
        "lodash": {
            "version": "4.17.11",
            "resolved": "https://registry.npmjs.org/lodash/-/lodash-4.17.11.tgz",
            "integrity": "sha512-cQKh8igo5QUhZ7lg38DYWAxMvjSAKG0A8wGSVimP07SIUEK2UO+arSRKbRZWtelMtN5V0Hkwh5ryOto/SshYIg=="
        },
        "log4js": {
            "version": "4.0.2",
            "resolved": "https://registry.npmjs.org/log4js/-/log4js-4.0.2.tgz",
            "integrity": "sha512-KE7HjiieVDPPdveA3bJZSuu0n8chMkFl8mIoisBFxwEJ9FmXe4YzNuiqSwYUiR1K8q8/5/8Yd6AClENY1RA9ww==",
            "requires": {
                "date-format": "^2.0.0",
                "debug": "^3.1.0",
                "flatted": "^2.0.0",
                "rfdc": "^1.1.2",
                "streamroller": "^1.0.1"
            }
        },
        "minimatch": {
            "version": "3.0.4",
            "resolved": "https://registry.npmjs.org/minimatch/-/minimatch-3.0.4.tgz",
            "integrity": "sha512-yJHVQEhyqPLUTgt9B83PXu6W3rx4MvvHvSUvToogpwoGDOUQ+yDrR0HRot+yOCdCO7u4hX3pWft6kWBBcqh0UA==",
            "requires": {
                "brace-expansion": "^1.1.7"
            }
        },
        "minimist": {
            "version": "0.0.10",
            "resolved": "https://registry.npmjs.org/minimist/-/minimist-0.0.10.tgz",
            "integrity": "sha1-3j+YVD2/lggr5IrRoMfNqDYwHc8="
        },
        "ms": {
            "version": "2.1.1",
            "resolved": "https://registry.npmjs.org/ms/-/ms-2.1.1.tgz",
            "integrity": "sha512-tgp+dl5cGk28utYktBsrFqA7HKgrhgPsg6Z/EfhWI4gl1Hwq8B/GmY/0oXZ6nF8hDVesS/FpnYaD/kOWhYQvyg=="
        },
        "once": {
            "version": "1.4.0",
            "resolved": "https://registry.npmjs.org/once/-/once-1.4.0.tgz",
            "integrity": "sha1-WDsap3WWHUsROsF9nFC6753Xa9E=",
            "requires": {
                "wrappy": "1"
            }
        },
        "optimist": {
            "version": "0.6.1",
            "resolved": "https://registry.npmjs.org/optimist/-/optimist-0.6.1.tgz",
            "integrity": "sha1-2j6nRob6IaGaERwybpDrFaAZZoY=",
            "requires": {
                "minimist": "~0.0.1",
                "wordwrap": "~0.0.2"
            }
        },
        "path-is-absolute": {
            "version": "1.0.1",
            "resolved": "https://registry.npmjs.org/path-is-absolute/-/path-is-absolute-1.0.1.tgz",
            "integrity": "sha1-F0uSaHNVNP+8es5r9TpanhtcX18="
        },
        "rfdc": {
            "version": "1.1.2",
            "resolved": "https://registry.npmjs.org/rfdc/-/rfdc-1.1.2.tgz",
            "integrity": "sha512-92ktAgvZhBzYTIK0Mja9uen5q5J3NRVMoDkJL2VMwq6SXjVCgqvQeVP2XAaUY6HT+XpQYeLSjb3UoitBryKmdA=="
        },
        "streamroller": {
            "version": "1.0.3",
            "resolved": "https://registry.npmjs.org/streamroller/-/streamroller-1.0.3.tgz",
            "integrity": "sha512-P7z9NwP51EltdZ81otaGAN3ob+/F88USJE546joNq7bqRNTe6jc74fTBDyynxP4qpIfKlt/CesEYicuMzI0yJg==",
            "requires": {
                "async": "^2.6.1",
                "date-format": "^2.0.0",
                "debug": "^3.1.0",
                "fs-extra": "^7.0.0",
                "lodash": "^4.17.10"
            },
            "dependencies": {
                "async": {
                    "version": "2.6.2",
                    "resolved": "https://registry.npmjs.org/async/-/async-2.6.2.tgz",
                    "integrity": "sha512-H1qVYh1MYhEEFLsP97cVKqCGo7KfCyTt6uEWqsTBr9SO84oK9Uwbyd/yCW+6rKJLHksBNUVWZDAjfS+Ccx0Bbg==",
                    "requires": {
                        "lodash": "^4.17.11"
                    }
                }
            }
        },
        "universalify": {
            "version": "0.1.2",
            "resolved": "https://registry.npmjs.org/universalify/-/universalify-0.1.2.tgz",
            "integrity": "sha512-rBJeI5CXAlmy1pV+617WB9J63U6XcazHHF2f2dbJix4XzpUF0RS3Zbj0FGIOCAva5P/d/GBOYaACQ1w+0azUkg=="
        },
        "vows": {
            "version": "0.8.2",
            "resolved": "https://registry.npmjs.org/vows/-/vows-0.8.2.tgz",
            "integrity": "sha1-aR95qybM3oC6cm3en+yOc9a88us=",
            "requires": {
                "diff": "~1.0.8",
                "eyes": "~0.1.6",
                "glob": "^7.1.2"
            }
        },
        "wordwrap": {
            "version": "0.0.3",
            "resolved": "https://registry.npmjs.org/wordwrap/-/wordwrap-0.0.3.tgz",
            "integrity": "sha1-o9XabNXAvAAI03I0u68b7WMFkQc="
        },
        "wrappy": {
            "version": "1.0.2",
            "resolved": "https://registry.npmjs.org/wrappy/-/wrappy-1.0.2.tgz",
            "integrity": "sha1-tSQ9jz7BqjXxNkYFvA0QNuMKtp8="
        }
    }
}
